
Microsoft Visual Studio Solution File, Format Version 12.00
# Visual Studio Version 17
VisualStudioVersion = 17.3.32804.467
MinimumVisualStudioVersion = 10.0.40219.1
Project("{FAE04EC0-301F-11D3-BF4B-00C04F79EFBC}") = "FunGameServer", "FunGameServer.csproj", "{CFC4F490-967B-4F12-883E-86C2A6E61461}"
EndProject
Global
	GlobalSection(SolutionConfigurationPlatforms) = preSolution
		Debug|Any CPU = Debug|Any CPU
		Release|Any CPU = Release|Any CPU
	EndGlobalSection
	GlobalSection(ProjectConfigurationPlatforms) = postSolution
		{CFC4F490-967B-4F12-883E-86C2A6E61461}.Debug|Any CPU.ActiveCfg = Debug|Any CPU
		{CFC4F490-967B-4F12-883E-86C2A6E61461}.Debug|Any CPU.Build.0 = Debug|Any CPU
		{CFC4F490-967B-4F12-883E-86C2A6E61461}.Release|Any CPU.ActiveCfg = Release|Any CPU
		{CFC4F490-967B-4F12-883E-86C2A6E61461}.Release|Any CPU.Build.0 = Release|Any CPU
	EndGlobalSection
	GlobalSection(SolutionProperties) = preSolution
		HideSolutionNode = FALSE
	EndGlobalSection
	GlobalSection(ExtensibilityGlobals) = postSolution
		SolutionGuid = {B4235C3B-6B99-4B97-B7F1-B586B219B51E}
	EndGlobalSection
EndGlobal
